
Microsoft Visual Studio Solution File, Format Version 12.00
# Visual Studio Version 16
VisualStudioVersion = 16.0.30128.74
MinimumVisualStudioVersion = 10.0.40219.1
Project("{FAE04EC0-301F-11D3-BF4B-00C04F79EFBC}") = "SimpleApp", "SimpleApp\SimpleApp.csproj", "{A2A20D76-AB86-47EB-9091-637B37B727DE}"
EndProject
Project("{9A19103F-16F7-4668-BE54-9A1E7A4F7556}") = "SimpleAppCore", "SimpleApp\SimpleAppCore.csproj", "{756D7650-5B49-4012-A72C-5E8A0DEB1F91}"
EndProject
Global
	GlobalSection(SolutionConfigurationPlatforms) = preSolution
		Debug|Any CPU = Debug|Any CPU
		Release|Any CPU = Release|Any CPU
	EndGlobalSection
	GlobalSection(ProjectConfigurationPlatforms) = postSolution
		{A2A20D76-AB86-47EB-9091-637B37B727DE}.Debug|Any CPU.ActiveCfg = Debug|Any CPU
		{A2A20D76-AB86-47EB-9091-637B37B727DE}.Debug|Any CPU.Build.0 = Debug|Any CPU
		{A2A20D76-AB86-47EB-9091-637B37B727DE}.Release|Any CPU.ActiveCfg = Release|Any CPU
		{A2A20D76-AB86-47EB-9091-637B37B727DE}.Release|Any CPU.Build.0 = Release|Any CPU
		{756D7650-5B49-4012-A72C-5E8A0DEB1F91}.Debug|Any CPU.ActiveCfg = Debug|Any CPU
		{756D7650-5B49-4012-A72C-5E8A0DEB1F91}.Debug|Any CPU.Build.0 = Debug|Any CPU
		{756D7650-5B49-4012-A72C-5E8A0DEB1F91}.Release|Any CPU.ActiveCfg = Release|Any CPU
		{756D7650-5B49-4012-A72C-5E8A0DEB1F91}.Release|Any CPU.Build.0 = Release|Any CPU
	EndGlobalSection
	GlobalSection(SolutionProperties) = preSolution
		HideSolutionNode = FALSE
	EndGlobalSection
	GlobalSection(ExtensibilityGlobals) = postSolution
		SolutionGuid = {0374EEB4-FA57-414B-8555-A530E36A19A2}
	EndGlobalSection
EndGlobal
